
Microsoft Visual Studio Solution File, Format Version 12.00
# Visual Studio Version 16
VisualStudioVersion = 16.0.34902.97
MinimumVisualStudioVersion = 10.0.40219.1
Project("{FAE04EC0-301F-11D3-BF4B-00C04F79EFBC}") = "Day3_DontNet", "Day3_DontNet\Day3_DontNet.csproj", "{4ADB4629-443A-42C1-8788-9AA0F793B15A}"
EndProject
Global
	GlobalSection(SolutionConfigurationPlatforms) = preSolution
		Debug|Any CPU = Debug|Any CPU
		Release|Any CPU = Release|Any CPU
	EndGlobalSection
	GlobalSection(ProjectConfigurationPlatforms) = postSolution
		{4ADB4629-443A-42C1-8788-9AA0F793B15A}.Debug|Any CPU.ActiveCfg = Debug|Any CPU
		{4ADB4629-443A-42C1-8788-9AA0F793B15A}.Debug|Any CPU.Build.0 = Debug|Any CPU
		{4ADB4629-443A-42C1-8788-9AA0F793B15A}.Release|Any CPU.ActiveCfg = Release|Any CPU
		{4ADB4629-443A-42C1-8788-9AA0F793B15A}.Release|Any CPU.Build.0 = Release|Any CPU
	EndGlobalSection
	GlobalSection(SolutionProperties) = preSolution
		HideSolutionNode = FALSE
	EndGlobalSection
	GlobalSection(ExtensibilityGlobals) = postSolution
		SolutionGuid = {AD77FCA6-9C8B-4262-BAFE-C3C96E373942}
	EndGlobalSection
EndGlobal
